// !$*UTF8*$!
{
	archiveVersion = 1;
	classes = {
	};
	objectVersion = 48;
	objects = {

/* Begin PBXBuildFile section */
		BB226B6920961F180040D21B /* AppDelegate.m in Sources */ = {isa = PBXBuildFile; fileRef = BB226B6820961F180040D21B /* AppDelegate.m */; };
		BB226B6C20961F180040D21B /* ViewController.m in Sources */ = {isa = PBXBuildFile; fileRef = BB226B6B20961F180040D21B /* ViewController.m */; };
		BB226B6F20961F180040D21B /* Main.storyboard in Resources */ = {isa = PBXBuildFile; fileRef = BB226B6D20961F180040D21B /* Main.storyboard */; };
		BB226B7220961F180040D21B /* RomanOptica.xcdatamodeld in Sources */ = {isa = PBXBuildFile; fileRef = BB226B7020961F180040D21B /* RomanOptica.xcdatamodeld */; };
		BB226B7420961F180040D21B /* Assets.xcassets in Resources */ = {isa = PBXBuildFile; fileRef = BB226B7320961F180040D21B /* Assets.xcassets */; };
		BB226B7720961F180040D21B /* LaunchScreen.storyboard in Resources */ = {isa = PBXBuildFile; fileRef = BB226B7520961F180040D21B /* LaunchScreen.storyboard */; };
		BB226B7A20961F180040D21B /* main.m in Sources */ = {isa = PBXBuildFile; fileRef = BB226B7920961F180040D21B /* main.m */; };
/* End PBXBuildFile section */

/* Begin PBXFileReference section */
		BB226B6420961F180040D21B /* RomanOptica.app */ = {isa = PBXFileReference; explicitFileType = wrapper.application; includeInIndex = 0; path = RomanOptica.app; sourceTree = BUILT_PRODUCTS_DIR; };
		BB226B6720961F180040D21B /* AppDelegate.h */ = {isa = PBXFileReference; lastKnownFileType = sourcecode.c.h; path = AppDelegate.h; sourceTree = "<group>"; };
		BB226B6820961F180040D21B /* AppDelegate.m */ = {isa = PBXFileReference; lastKnownFileType = sourcecode.c.objc; path = AppDelegate.m; sourceTree = "<group>"; };
		BB226B6A20961F180040D21B /* ViewController.h */ = {isa = PBXFileReference; lastKnownFileType = sourcecode.c.h; path = ViewController.h; sourceTree = "<group>"; };
		BB226B6B20961F180040D21B /* ViewController.m */ = {isa = PBXFileReference; lastKnownFileType = sourcecode.c.objc; path = ViewController.m; sourceTree = "<group>"; };
		BB226B6E20961F180040D21B /* Base */ = {isa = PBXFileReference; lastKnownFileType = file.storyboard; name = Base; path = Base.lproj/Main.storyboard; sourceTree = "<group>"; };
		BB226B7120961F180040D21B /* RomanOptica.xcdatamodel */ = {isa = PBXFileReference; lastKnownFileType = wrapper.xcdatamodel; path = RomanOptica.xcdatamodel; sourceTree = "<group>"; };
		BB226B7320961F180040D21B /* Assets.xcassets */ = {isa = PBXFileReference; lastKnownFileType = folder.assetcatalog; path = Assets.xcassets; sourceTree = "<group>"; };
		BB226B7620961F180040D21B /* Base */ = {isa = PBXFileReference; lastKnownFileType = file.storyboard; name = Base; path = Base.lproj/LaunchScreen.storyboard; sourceTree = "<group>"; };
		BB226B7820961F180040D21B /* Info.plist */ = {isa = PBXFileReference; lastKnownFileType = text.plist.xml; path = Info.plist; sourceTree = "<group>"; };
		BB226B7920961F180040D21B /* main.m */ = {isa = PBXFileReference; lastKnownFileType = sourcecode.c.objc; path = main.m; sourceTree = "<group>"; };
/* End PBXFileReference section */

/* Begin PBXFrameworksBuildPhase section */
		BB226B6120961F180040D21B /* Frameworks */ = {
			isa = PBXFrameworksBuildPhase;
			buildActionMask = 2147483647;
			files = (
			);
			runOnlyForDeploymentPostprocessing = 0;
		};
/* End PBXFrameworksBuildPhase section */

/* Begin PBXGroup section */
		BB226B5B20961F180040D21B = {
			isa = PBXGroup;
			children = (
				BB226B6620961F180040D21B /* RomanOptica */,
				BB226B6520961F180040D21B /* Products */,
			);
			sourceTree = "<group>";
		};
		BB226B6520961F180040D21B /* Products */ = {
			isa = PBXGroup;
			children = (
				BB226B6420961F180040D21B /* RomanOptica.app */,
			);
			name = Products;
			sourceTree = "<group>";
		};
		BB226B6620961F180040D21B /* RomanOptica */ = {
			isa = PBXGroup;
			children = (
				BB226B6720961F180040D21B /* AppDelegate.h */,
				BB226B6820961F180040D21B /* AppDelegate.m */,
				BB226B6A20961F180040D21B /* ViewController.h */,
				BB226B6B20961F180040D21B /* ViewController.m */,
				BB226B6D20961F180040D21B /* Main.storyboard */,
				BB226B7320961F180040D21B /* Assets.xcassets */,
				BB226B7520961F180040D21B /* LaunchScreen.storyboard */,
				BB226B7820961F180040D21B /* Info.plist */,
				BB226B7920961F180040D21B /* main.m */,
				BB226B7020961F180040D21B /* RomanOptica.xcdatamodeld */,
			);
			path = RomanOptica;
			sourceTree = "<group>";
		};
/* End PBXGroup section */

/* Begin PBXNativeTarget section */
		BB226B6320961F180040D21B /* RomanOptica */ = {
			isa = PBXNativeTarget;
			buildConfigurationList = BB226B7D20961F180040D21B /* Build configuration list for PBXNativeTarget "RomanOptica" */;
			buildPhases = (
				BB226B6020961F180040D21B /* Sources */,
				BB226B6120961F180040D21B /* Frameworks */,
				BB226B6220961F180040D21B /* Resources */,
			);
			buildRules = (
			);
			dependencies = (
			);
			name = RomanOptica;
			productName = RomanOptica;
			productReference = BB226B6420961F180040D21B /* RomanOptica.app */;
			productType = "com.apple.product-type.application";
		};
/* End PBXNativeTarget section */

/* Begin PBXProject section */
		BB226B5C20961F180040D21B /* Project object */ = {
			isa = PBXProject;
			attributes = {
				LastUpgradeCheck = 0900;
				ORGANIZATIONNAME = "Rafay Hasan";
				TargetAttributes = {
					BB226B6320961F180040D21B = {
						CreatedOnToolsVersion = 9.0;
						ProvisioningStyle = Automatic;
					};
				};
			};
			buildConfigurationList = BB226B5F20961F180040D21B /* Build configuration list for PBXProject "RomanOptica" */;
			compatibilityVersion = "Xcode 8.0";
			developmentRegion = en;
			hasScannedForEncodings = 0;
			knownRegions = (
				en,
				Base,
			);
			mainGroup = BB226B5B20961F180040D21B;
			productRefGroup = BB226B6520961F180040D21B /* Products */;
			projectDirPath = "";
			projectRoot = "";
			targets = (
				BB226B6320961F180040D21B /* RomanOptica */,
			);
		};
/* End PBXProject section */

/* Begin PBXResourcesBuildPhase section */
		BB226B6220961F180040D21B /* Resources */ = {
			isa = PBXResourcesBuildPhase;
			buildActionMask = 2147483647;
			files = (
				BB226B7720961F180040D21B /* LaunchScreen.storyboard in Resources */,
				BB226B7420961F180040D21B /* Assets.xcassets in Resources */,
				BB226B6F20961F180040D21B /* Main.storyboard in Resources */,
			);
			runOnlyForDeploymentPostprocessing = 0;
		};
/* End PBXResourcesBuildPhase section */

/* Begin PBXSourcesBuildPhase section */
		BB226B6020961F180040D21B /* Sources */ = {
			isa = PBXSourcesBuildPhase;
			buildActionMask = 2147483647;
			files = (
				BB226B6C20961F180040D21B /* ViewController.m in Sources */,
				BB226B7220961F180040D21B /* RomanOptica.xcdatamodeld in Sources */,
				BB226B7A20961F180040D21B /* main.m in Sources */,
				BB226B6920961F180040D21B /* AppDelegate.m in Sources */,
			);
			runOnlyForDeploymentPostprocessing = 0;
		};
/* End PBXSourcesBuildPhase section */

/* Begin PBXVariantGroup section */
		BB226B6D20961F180040D21B /* Main.storyboard */ = {
			isa = PBXVariantGroup;
			children = (
				BB226B6E20961F180040D21B /* Base */,
			);
			name = Main.storyboard;
			sourceTree = "<group>";
		};
		BB226B7520961F180040D21B /* LaunchScreen.storyboard */ = {
			isa = PBXVariantGroup;
			children = (
				BB226B7620961F180040D21B /* Base */,
			);
			name = LaunchScreen.storyboard;
			sourceTree = "<group>";
		};
/* End PBXVariantGroup section */

/* Begin XCBuildConfiguration section */
		BB226B7B20961F180040D21B /* Debug */ = {
			isa = XCBuildConfiguration;
			buildSettings = {
				ALWAYS_SEARCH_USER_PATHS = NO;
				CLANG_ANALYZER_NONNULL = YES;
				CLANG_ANALYZER_NUMBER_OBJECT_CONVERSION = YES_AGGRESSIVE;
				CLANG_CXX_LANGUAGE_STANDARD = "gnu++14";
				CLANG_CXX_LIBRARY = "libc++";
				CLANG_ENABLE_MODULES = YES;
				CLANG_ENABLE_OBJC_ARC = YES;
				CLANG_WARN_BLOCK_CAPTURE_AUTORELEASING = YES;
				CLANG_WARN_BOOL_CONVERSION = YES;
				CLANG_WARN_COMMA = YES;
				CLANG_WARN_CONSTANT_CONVERSION = YES;
				CLANG_WARN_DIRECT_OBJC_ISA_USAGE = YES_ERROR;
				CLANG_WARN_DOCUMENTATION_COMMENTS = YES;
				CLANG_WARN_EMPTY_BODY = YES;
				CLANG_WARN_ENUM_CONVERSION = YES;
				CLANG_WARN_INFINITE_RECURSION = YES;
				CLANG_WARN_INT_CONVERSION = YES;
				CLANG_WARN_NON_LITERAL_NULL_CONVERSION = YES;
				CLANG_WARN_OBJC_LITERAL_CONVERSION = YES;
				CLANG_WARN_OBJC_ROOT_CLASS = YES_ERROR;
				CLANG_WARN_RANGE_LOOP_ANALYSIS = YES;
				CLANG_WARN_STRICT_PROTOTYPES = YES;
				CLANG_WARN_SUSPICIOUS_MOVE = YES;
				CLANG_WARN_UNGUARDED_AVAILABILITY = YES_AGGRESSIVE;
				CLANG_WARN_UNREACHABLE_CODE = YES;
				CLANG_WARN__DUPLICATE_METHOD_MATCH = YES;
				CODE_SIGN_IDENTITY = "iPhone Developer";
				COPY_PHASE_STRIP = NO;
				DEBUG_INFORMATION_FORMAT = dwarf;
				ENABLE_STRICT_OBJC_MSGSEND = YES;
				ENABLE_TESTABILITY = YES;
				GCC_C_LANGUAGE_STANDARD = gnu11;
				GCC_DYNAMIC_NO_PIC = NO;
				GCC_NO_COMMON_BLOCKS = YES;
				GCC_OPTIMIZATION_LEVEL = 0;
				GCC_PREPROCESSOR_DEFINITIONS = (
					"DEBUG=1",
					"$(inherited)",
				);
				GCC_WARN_64_TO_32_BIT_CONVERSION = YES;
				GCC_WARN_ABOUT_RETURN_TYPE = YES_ERROR;
				GCC_WARN_UNDECLARED_SELECTOR = YES;
				GCC_WARN_UNINITIALIZED_AUTOS = YES_AGGRESSIVE;
				GCC_WARN_UNUSED_FUNCTION = YES;
				GCC_WARN_UNUSED_VARIABLE = YES;
				IPHONEOS_DEPLOYMENT_TARGET = 11.0;
				MTL_ENABLE_DEBUG_INFO = YES;
				ONLY_ACTIVE_ARCH = YES;
				SDKROOT = iphoneos;
			};
			name = Debug;
		};
		BB226B7C20961F180040D21B /* Release */ = {
			isa = XCBuildConfiguration;
			buildSettings = {
				ALWAYS_SEARCH_USER_PATHS = NO;
				CLANG_ANALYZER_NONNULL = YES;
				CLANG_ANALYZER_NUMBER_OBJECT_CONVERSION = YES_AGGRESSIVE;
				CLANG_CXX_LANGUAGE_STANDARD = "gnu++14";
				CLANG_CXX_LIBRARY = "libc++";
				CLANG_ENABLE_MODULES = YES;
				CLANG_ENABLE_OBJC_ARC = YES;
				CLANG_WARN_BLOCK_CAPTURE_AUTORELEASING = YES;
				CLANG_WARN_BOOL_CONVERSION = YES;
				CLANG_WARN_COMMA = YES;
				CLANG_WARN_CONSTANT_CONVERSION = YES;
				CLANG_WARN_DIRECT_OBJC_ISA_USAGE = YES_ERROR;
				CLANG_WARN_DOCUMENTATION_COMMENTS = YES;
				CLANG_WARN_EMPTY_BODY = YES;
				CLANG_WARN_ENUM_CONVERSION = YES;
				CLANG_WARN_INFINITE_RECURSION = YES;
				CLANG_WARN_INT_CONVERSION = YES;
				CLANG_WARN_NON_LITERAL_NULL_CONVERSION = YES;
				CLANG_WARN_OBJC_LITERAL_CONVERSION = YES;
				CLANG_WARN_OBJC_ROOT_CLASS = YES_ERROR;
				CLANG_WARN_RANGE_LOOP_ANALYSIS = YES;
				CLANG_WARN_STRICT_PROTOTYPES = YES;
				CLANG_WARN_SUSPICIOUS_MOVE = YES;
				CLANG_WARN_UNGUARDED_AVAILABILITY = YES_AGGRESSIVE;
				CLANG_WARN_UNREACHABLE_CODE = YES;
				CLANG_WARN__DUPLICATE_METHOD_MATCH = YES;
				CODE_SIGN_IDENTITY = "iPhone Developer";
				COPY_PHASE_STRIP = NO;
				DEBUG_INFORMATION_FORMAT = "dwarf-with-dsym";
				ENABLE_NS_ASSERTIONS = NO;
				ENABLE_STRICT_OBJC_MSGSEND = YES;
				GCC_C_LANGUAGE_STANDARD = gnu11;
				GCC_NO_COMMON_BLOCKS = YES;
				GCC_WARN_64_TO_32_BIT_CONVERSION = YES;
				GCC_WARN_ABOUT_RETURN_TYPE = YES_ERROR;
				GCC_WARN_UNDECLARED_SELECTOR = YES;
				GCC_WARN_UNINITIALIZED_AUTOS = YES_AGGRESSIVE;
				GCC_WARN_UNUSED_FUNCTION = YES;
				GCC_WARN_UNUSED_VARIABLE = YES;
				IPHONEOS_DEPLOYMENT_TARGET = 11.0;
				MTL_ENABLE_DEBUG_INFO = NO;
				SDKROOT = iphoneos;
				VALIDATE_PRODUCT = YES;
			};
			name = Release;
		};
		BB226B7E20961F180040D21B /* Debug */ = {
			isa = XCBuildConfiguration;
			buildSettings = {
				ASSETCATALOG_COMPILER_APPICON_NAME = AppIcon;
				CODE_SIGN_STYLE = Automatic;
				INFOPLIST_FILE = RomanOptica/Info.plist;
				LD_RUNPATH_SEARCH_PATHS = "$(inherited) @executable_path/Frameworks";
				PRODUCT_BUNDLE_IDENTIFIER = Rafay.RomanOptica;
				PRODUCT_NAME = "$(TARGET_NAME)";
				TARGETED_DEVICE_FAMILY = "1,2";
			};
			name = Debug;
		};
		BB226B7F20961F180040D21B /* Release */ = {
			isa = XCBuildConfiguration;
			buildSettings = {
				ASSETCATALOG_COMPILER_APPICON_NAME = AppIcon;
				CODE_SIGN_STYLE = Automatic;
				INFOPLIST_FILE = RomanOptica/Info.plist;
				LD_RUNPATH_SEARCH_PATHS = "$(inherited) @executable_path/Frameworks";
				PRODUCT_BUNDLE_IDENTIFIER = Rafay.RomanOptica;
				PRODUCT_NAME = "$(TARGET_NAME)";
				TARGETED_DEVICE_FAMILY = "1,2";
			};
			name = Release;
		};
/* End XCBuildConfiguration section */

/* Begin XCConfigurationList section */
		BB226B5F20961F180040D21B /* Build configuration list for PBXProject "RomanOptica" */ = {
			isa = XCConfigurationList;
			buildConfigurations = (
				BB226B7B20961F180040D21B /* Debug */,
				BB226B7C20961F180040D21B /* Release */,
			);
			defaultConfigurationIsVisible = 0;
			defaultConfigurationName = Release;
		};
		BB226B7D20961F180040D21B /* Build configuration list for PBXNativeTarget "RomanOptica" */ = {
			isa = XCConfigurationList;
			buildConfigurations = (
				BB226B7E20961F180040D21B /* Debug */,
				BB226B7F20961F180040D21B /* Release */,
			);
			defaultConfigurationIsVisible = 0;
			defaultConfigurationName = Release;
		};
/* End XCConfigurationList section */

/* Begin XCVersionGroup section */
		BB226B7020961F180040D21B /* RomanOptica.xcdatamodeld */ = {
			isa = XCVersionGroup;
			children = (
				BB226B7120961F180040D21B /* RomanOptica.xcdatamodel */,
			);
			currentVersion = BB226B7120961F180040D21B /* RomanOptica.xcdatamodel */;
			path = RomanOptica.xcdatamodeld;
			sourceTree = "<group>";
			versionGroupType = wrapper.xcdatamodel;
		};
/* End XCVersionGroup section */
	};
	rootObject = BB226B5C20961F180040D21B /* Project object */;
}
